
Microsoft Visual Studio Solution File, Format Version 12.00
# Visual Studio 15
VisualStudioVersion = 15.0.28307.271
MinimumVisualStudioVersion = 10.0.40219.1
Project("{FAE04EC0-301F-11D3-BF4B-00C04F79EFBC}") = "IG.Downloader.Console", "src\IG.Downloader.Console\IG.Downloader.Console.csproj", "{DF11DD61-B8F1-4679-84EF-40B84438214B}"
EndProject
Global
	GlobalSection(SolutionConfigurationPlatforms) = preSolution
		Debug|Any CPU = Debug|Any CPU
		Release|Any CPU = Release|Any CPU
	EndGlobalSection
	GlobalSection(ProjectConfigurationPlatforms) = postSolution
		{DF11DD61-B8F1-4679-84EF-40B84438214B}.Debug|Any CPU.ActiveCfg = Debug|Any CPU
		{DF11DD61-B8F1-4679-84EF-40B84438214B}.Debug|Any CPU.Build.0 = Debug|Any CPU
		{DF11DD61-B8F1-4679-84EF-40B84438214B}.Release|Any CPU.ActiveCfg = Release|Any CPU
		{DF11DD61-B8F1-4679-84EF-40B84438214B}.Release|Any CPU.Build.0 = Release|Any CPU
	EndGlobalSection
	GlobalSection(SolutionProperties) = preSolution
		HideSolutionNode = FALSE
	EndGlobalSection
	GlobalSection(ExtensibilityGlobals) = postSolution
		SolutionGuid = {6427788A-B7F3-42A2-8CD5-F77250AC4A1E}
	EndGlobalSection
EndGlobal
